// !$*UTF8*$!
{
	archiveVersion = 1;
	classes = {
	};
	objectVersion = 45;
	objects = {

/* Begin PBXBuildFile section */
		1D3623260D0F684500981E51 /* CashFlowAppDelegate.m in Sources */ = {isa = PBXBuildFile; fileRef = 1D3623250D0F684500981E51 /* CashFlowAppDelegate.m */; };
		1D60589B0D05DD56006BFB54 /* main.m in Sources */ = {isa = PBXBuildFile; fileRef = 29B97316FDCFA39411CA2CEA /* main.m */; };
		1D60589F0D05DD5A006BFB54 /* Foundation.framework in Frameworks */ = {isa = PBXBuildFile; fileRef = 1D30AB110D05D00D00671497 /* Foundation.framework */; };
		1DF5F4E00D08C38300B7A737 /* UIKit.framework in Frameworks */ = {isa = PBXBuildFile; fileRef = 1DF5F4DF0D08C38300B7A737 /* UIKit.framework */; };
		2892E4100DC94CBA00A64D0F /* CoreGraphics.framework in Frameworks */ = {isa = PBXBuildFile; fileRef = 2892E40F0DC94CBA00A64D0F /* CoreGraphics.framework */; };
		2899E5600DE3E45000AC0155 /* RootViewController.xib in Resources */ = {isa = PBXBuildFile; fileRef = 2899E55F0DE3E45000AC0155 /* RootViewController.xib */; };
		28C286E10D94DF7D0034E888 /* RootViewController.m in Sources */ = {isa = PBXBuildFile; fileRef = 28C286E00D94DF7D0034E888 /* RootViewController.m */; };
		3E0519140E6A9D09008F1F65 /* Transaction.m in Sources */ = {isa = PBXBuildFile; fileRef = 3E0519130E6A9D09008F1F65 /* Transaction.m */; };
		3E07F7C70E72CC6600DFEB33 /* Localizable.strings in Resources */ = {isa = PBXBuildFile; fileRef = 3E07F7C50E72CC6100DFEB33 /* Localizable.strings */; };
		3E0887F00E6EAC5C00739AC9 /* EditDescView.xib in Resources */ = {isa = PBXBuildFile; fileRef = 3E0887EF0E6EAC5C00739AC9 /* EditDescView.xib */; };
		3E0887F30E6EAC7600739AC9 /* EditValueView.xib in Resources */ = {isa = PBXBuildFile; fileRef = 3E0887F20E6EAC7600739AC9 /* EditValueView.xib */; };
		3E0887F60E6EAC8900739AC9 /* EditDateView.xib in Resources */ = {isa = PBXBuildFile; fileRef = 3E0887F50E6EAC8900739AC9 /* EditDateView.xib */; };
		3E0887F80E6EACA500739AC9 /* EditTypeView.xib in Resources */ = {isa = PBXBuildFile; fileRef = 3E0887F70E6EACA500739AC9 /* EditTypeView.xib */; };
		3E0887FB0E6EACEB00739AC9 /* EditDateVC.m in Sources */ = {isa = PBXBuildFile; fileRef = 3E0887F90E6EACEB00739AC9 /* EditDateVC.m */; };
		3E0887FE0E6EACF400739AC9 /* EditDescVC.m in Sources */ = {isa = PBXBuildFile; fileRef = 3E0887FC0E6EACF400739AC9 /* EditDescVC.m */; };
		3E0888040E6EAD0B00739AC9 /* EditValueVC.m in Sources */ = {isa = PBXBuildFile; fileRef = 3E0888010E6EAD0B00739AC9 /* EditValueVC.m */; };
		3E0888050E6EAD0B00739AC9 /* EditTypeVC.m in Sources */ = {isa = PBXBuildFile; fileRef = 3E0888030E6EAD0B00739AC9 /* EditTypeVC.m */; };
		3E0888120E6EAEEB00739AC9 /* TransactionVC.m in Sources */ = {isa = PBXBuildFile; fileRef = 3E0888110E6EAEEB00739AC9 /* TransactionVC.m */; };
		3E1F6EA90E76E74500CCDF57 /* icon.png in Resources */ = {isa = PBXBuildFile; fileRef = 3E1F6EA80E76E74500CCDF57 /* icon.png */; };
		3E1F6EC10E76E93C00CCDF57 /* Default.png in Resources */ = {isa = PBXBuildFile; fileRef = 3E1F6EC00E76E93C00CCDF57 /* Default.png */; };
		3E2710450EAA196A00E57E51 /* ExportBase.m in Sources */ = {isa = PBXBuildFile; fileRef = 3E2710400EAA196A00E57E51 /* ExportBase.m */; };
		3E2710460EAA196A00E57E51 /* ExportCsv.m in Sources */ = {isa = PBXBuildFile; fileRef = 3E2710420EAA196A00E57E51 /* ExportCsv.m */; };
		3E2710470EAA196A00E57E51 /* ExportOfx.m in Sources */ = {isa = PBXBuildFile; fileRef = 3E2710440EAA196A00E57E51 /* ExportOfx.m */; };
		3E27113B0EAA208E00E57E51 /* ExportView.xib in Resources */ = {isa = PBXBuildFile; fileRef = 3E27113A0EAA208E00E57E51 /* ExportView.xib */; };
		3E4DA8B30EAB6DE4001FBB70 /* Entitlements.plist in Resources */ = {isa = PBXBuildFile; fileRef = 3E4DA8B20EAB6DE4001FBB70 /* Entitlements.plist */; };
		3E80DF6B0E6AC6D100736FB7 /* TransactionView.xib in Resources */ = {isa = PBXBuildFile; fileRef = 3E80DF6A0E6AC6D100736FB7 /* TransactionView.xib */; };
		3EA0C24F0E8E5B41005A04F5 /* icon-rendered.png in Resources */ = {isa = PBXBuildFile; fileRef = 3EA0C24E0E8E5B41005A04F5 /* icon-rendered.png */; };
		3EB5407A0E8E90F400608B77 /* MainWindow.xib in Resources */ = {isa = PBXBuildFile; fileRef = 3EB540790E8E90F400608B77 /* MainWindow.xib */; };
		3ECF38040EA9CF4900420060 /* WebServer.m in Sources */ = {isa = PBXBuildFile; fileRef = 3ECF38030EA9CF4900420060 /* WebServer.m */; };
		3EDDAC750E89148500268AED /* redButton.png in Resources */ = {isa = PBXBuildFile; fileRef = 3EDDAC740E89148500268AED /* redButton.png */; };
		3EDDADAB0E8925AB00268AED /* InfoView.xib in Resources */ = {isa = PBXBuildFile; fileRef = 3EDDADAA0E8925AB00268AED /* InfoView.xib */; };
		3EDDADBE0E89280800268AED /* InfoVC.m in Sources */ = {isa = PBXBuildFile; fileRef = 3EDDADBD0E89280800268AED /* InfoVC.m */; };
		3EDDAE7E0E8E468700268AED /* ExportVC.m in Sources */ = {isa = PBXBuildFile; fileRef = 3EDDAE7D0E8E468700268AED /* ExportVC.m */; };
		3EF914FF0E6C1F8800E31816 /* DataModel.m in Sources */ = {isa = PBXBuildFile; fileRef = 3EF914FE0E6C1F8800E31816 /* DataModel.m */; };
/* End PBXBuildFile section */

/* Begin PBXFileReference section */
		1D30AB110D05D00D00671497 /* Foundation.framework */ = {isa = PBXFileReference; lastKnownFileType = wrapper.framework; name = Foundation.framework; path = System/Library/Frameworks/Foundation.framework; sourceTree = SDKROOT; };
		1D3623240D0F684500981E51 /* CashFlowAppDelegate.h */ = {isa = PBXFileReference; fileEncoding = 4; lastKnownFileType = sourcecode.c.h; path = CashFlowAppDelegate.h; sourceTree = "<group>"; };
		1D3623250D0F684500981E51 /* CashFlowAppDelegate.m */ = {isa = PBXFileReference; fileEncoding = 4; lastKnownFileType = sourcecode.c.objc; path = CashFlowAppDelegate.m; sourceTree = "<group>"; };
		1D6058910D05DD3D006BFB54 /* CashFlow.app */ = {isa = PBXFileReference; explicitFileType = wrapper.application; includeInIndex = 0; path = CashFlow.app; sourceTree = BUILT_PRODUCTS_DIR; };
		1DF5F4DF0D08C38300B7A737 /* UIKit.framework */ = {isa = PBXFileReference; lastKnownFileType = wrapper.framework; name = UIKit.framework; path = System/Library/Frameworks/UIKit.framework; sourceTree = SDKROOT; };
		2892E40F0DC94CBA00A64D0F /* CoreGraphics.framework */ = {isa = PBXFileReference; lastKnownFileType = wrapper.framework; name = CoreGraphics.framework; path = System/Library/Frameworks/CoreGraphics.framework; sourceTree = SDKROOT; };
		2899E55F0DE3E45000AC0155 /* RootViewController.xib */ = {isa = PBXFileReference; lastKnownFileType = file.xib; name = RootViewController.xib; path = Resources/RootViewController.xib; sourceTree = "<group>"; };
		28A0AAE50D9B0CCF005BE974 /* CashFlow_Prefix.pch */ = {isa = PBXFileReference; fileEncoding = 4; lastKnownFileType = sourcecode.c.h; path = CashFlow_Prefix.pch; sourceTree = "<group>"; };
		28C286DF0D94DF7D0034E888 /* RootViewController.h */ = {isa = PBXFileReference; fileEncoding = 4; lastKnownFileType = sourcecode.c.h; path = RootViewController.h; sourceTree = "<group>"; };
		28C286E00D94DF7D0034E888 /* RootViewController.m */ = {isa = PBXFileReference; fileEncoding = 4; lastKnownFileType = sourcecode.c.objc; path = RootViewController.m; sourceTree = "<group>"; };
		29B97316FDCFA39411CA2CEA /* main.m */ = {isa = PBXFileReference; fileEncoding = 4; lastKnownFileType = sourcecode.c.objc; path = main.m; sourceTree = "<group>"; };
		3E0519120E6A9D09008F1F65 /* Transaction.h */ = {isa = PBXFileReference; fileEncoding = 4; lastKnownFileType = sourcecode.c.h; name = Transaction.h; path = Classes/Transaction.h; sourceTree = "<group>"; };
		3E0519130E6A9D09008F1F65 /* Transaction.m */ = {isa = PBXFileReference; fileEncoding = 4; lastKnownFileType = sourcecode.c.objc; name = Transaction.m; path = Classes/Transaction.m; sourceTree = "<group>"; };
		3E07F7C30E72CC4E00DFEB33 /* English */ = {isa = PBXFileReference; fileEncoding = 4; lastKnownFileType = text.plist.strings; name = English; path = English.lproj/Localizable.strings; sourceTree = "<group>"; };
		3E07F7C80E72CC7600DFEB33 /* Japanese */ = {isa = PBXFileReference; lastKnownFileType = text.plist.strings; name = Japanese; path = Japanese.lproj/Localizable.strings; sourceTree = "<group>"; };
		3E0887EF0E6EAC5C00739AC9 /* EditDescView.xib */ = {isa = PBXFileReference; lastKnownFileType = file.xib; name = EditDescView.xib; path = Resources/EditDescView.xib; sourceTree = "<group>"; };
		3E0887F20E6EAC7600739AC9 /* EditValueView.xib */ = {isa = PBXFileReference; lastKnownFileType = file.xib; name = EditValueView.xib; path = Resources/EditValueView.xib; sourceTree = "<group>"; };
		3E0887F50E6EAC8900739AC9 /* EditDateView.xib */ = {isa = PBXFileReference; lastKnownFileType = file.xib; name = EditDateView.xib; path = Resources/EditDateView.xib; sourceTree = "<group>"; };
		3E0887F70E6EACA500739AC9 /* EditTypeView.xib */ = {isa = PBXFileReference; lastKnownFileType = file.xib; name = EditTypeView.xib; path = Resources/EditTypeView.xib; sourceTree = "<group>"; };
		3E0887F90E6EACEB00739AC9 /* EditDateVC.m */ = {isa = PBXFileReference; fileEncoding = 4; lastKnownFileType = sourcecode.c.objc; path = EditDateVC.m; sourceTree = "<group>"; };
		3E0887FA0E6EACEB00739AC9 /* EditDateVC.h */ = {isa = PBXFileReference; fileEncoding = 4; lastKnownFileType = sourcecode.c.h; path = EditDateVC.h; sourceTree = "<group>"; };
		3E0887FC0E6EACF400739AC9 /* EditDescVC.m */ = {isa = PBXFileReference; fileEncoding = 4; lastKnownFileType = sourcecode.c.objc; path = EditDescVC.m; sourceTree = "<group>"; };
		3E0887FD0E6EACF400739AC9 /* EditDescVC.h */ = {isa = PBXFileReference; fileEncoding = 4; lastKnownFileType = sourcecode.c.h; path = EditDescVC.h; sourceTree = "<group>"; };
		3E0888000E6EAD0500739AC9 /* EditTypeVC.h */ = {isa = PBXFileReference; fileEncoding = 4; lastKnownFileType = sourcecode.c.h; path = EditTypeVC.h; sourceTree = "<group>"; };
		3E0888010E6EAD0B00739AC9 /* EditValueVC.m */ = {isa = PBXFileReference; fileEncoding = 4; lastKnownFileType = sourcecode.c.objc; path = EditValueVC.m; sourceTree = "<group>"; };
		3E0888020E6EAD0B00739AC9 /* EditValueVC.h */ = {isa = PBXFileReference; fileEncoding = 4; lastKnownFileType = sourcecode.c.h; path = EditValueVC.h; sourceTree = "<group>"; };
		3E0888030E6EAD0B00739AC9 /* EditTypeVC.m */ = {isa = PBXFileReference; fileEncoding = 4; lastKnownFileType = sourcecode.c.objc; path = EditTypeVC.m; sourceTree = "<group>"; };
		3E0888100E6EAEE200739AC9 /* TransactionVC.h */ = {isa = PBXFileReference; fileEncoding = 4; lastKnownFileType = sourcecode.c.h; path = TransactionVC.h; sourceTree = "<group>"; };
		3E0888110E6EAEEB00739AC9 /* TransactionVC.m */ = {isa = PBXFileReference; fileEncoding = 4; lastKnownFileType = sourcecode.c.objc; path = TransactionVC.m; sourceTree = "<group>"; };
		3E1F6EA80E76E74500CCDF57 /* icon.png */ = {isa = PBXFileReference; lastKnownFileType = image.png; name = icon.png; path = images/icon.png; sourceTree = "<group>"; };
		3E1F6EC00E76E93C00CCDF57 /* Default.png */ = {isa = PBXFileReference; lastKnownFileType = image.png; name = Default.png; path = images/Default.png; sourceTree = "<group>"; };
		3E27103F0EAA196A00E57E51 /* ExportBase.h */ = {isa = PBXFileReference; fileEncoding = 4; lastKnownFileType = sourcecode.c.h; name = ExportBase.h; path = Classes/ExportBase.h; sourceTree = "<group>"; };
		3E2710400EAA196A00E57E51 /* ExportBase.m */ = {isa = PBXFileReference; fileEncoding = 4; lastKnownFileType = sourcecode.c.objc; name = ExportBase.m; path = Classes/ExportBase.m; sourceTree = "<group>"; };
		3E2710410EAA196A00E57E51 /* ExportCsv.h */ = {isa = PBXFileReference; fileEncoding = 4; lastKnownFileType = sourcecode.c.h; name = ExportCsv.h; path = Classes/ExportCsv.h; sourceTree = "<group>"; };
		3E2710420EAA196A00E57E51 /* ExportCsv.m */ = {isa = PBXFileReference; fileEncoding = 4; lastKnownFileType = sourcecode.c.objc; name = ExportCsv.m; path = Classes/ExportCsv.m; sourceTree = "<group>"; };
		3E2710430EAA196A00E57E51 /* ExportOfx.h */ = {isa = PBXFileReference; fileEncoding = 4; lastKnownFileType = sourcecode.c.h; name = ExportOfx.h; path = Classes/ExportOfx.h; sourceTree = "<group>"; };
		3E2710440EAA196A00E57E51 /* ExportOfx.m */ = {isa = PBXFileReference; fileEncoding = 4; lastKnownFileType = sourcecode.c.objc; name = ExportOfx.m; path = Classes/ExportOfx.m; sourceTree = "<group>"; };
		3E27113C0EAA209500E57E51 /* Japanese */ = {isa = PBXFileReference; lastKnownFileType = file.xib; name = Japanese; path = Japanese.lproj/ExportView.xib; sourceTree = "<group>"; };
		3E4DA8B20EAB6DE4001FBB70 /* Entitlements.plist */ = {isa = PBXFileReference; fileEncoding = 4; lastKnownFileType = text.plist.xml; path = Entitlements.plist; sourceTree = "<group>"; };
		3E80DF6A0E6AC6D100736FB7 /* TransactionView.xib */ = {isa = PBXFileReference; lastKnownFileType = file.xib; name = TransactionView.xib; path = Resources/TransactionView.xib; sourceTree = "<group>"; };
		3EA0C24E0E8E5B41005A04F5 /* icon-rendered.png */ = {isa = PBXFileReference; lastKnownFileType = image.png; name = "icon-rendered.png"; path = "images/icon-rendered.png"; sourceTree = "<group>"; };
		3EB540790E8E90F400608B77 /* MainWindow.xib */ = {isa = PBXFileReference; lastKnownFileType = file.xib; name = MainWindow.xib; path = Resources/MainWindow.xib; sourceTree = "<group>"; };
		3ECF38030EA9CF4900420060 /* WebServer.m */ = {isa = PBXFileReference; fileEncoding = 4; lastKnownFileType = sourcecode.c.objc; name = WebServer.m; path = Classes/WebServer.m; sourceTree = "<group>"; };
		3ECF38080EA9CFB600420060 /* WebServer.h */ = {isa = PBXFileReference; fileEncoding = 4; lastKnownFileType = sourcecode.c.h; name = WebServer.h; path = Classes/WebServer.h; sourceTree = "<group>"; };
		3EDDAC740E89148500268AED /* redButton.png */ = {isa = PBXFileReference; lastKnownFileType = image.png; name = redButton.png; path = images/redButton.png; sourceTree = "<group>"; };
		3EDDADAA0E8925AB00268AED /* InfoView.xib */ = {isa = PBXFileReference; lastKnownFileType = file.xib; name = InfoView.xib; path = Resources/InfoView.xib; sourceTree = "<group>"; };
		3EDDADBC0E89280800268AED /* InfoVC.h */ = {isa = PBXFileReference; fileEncoding = 4; lastKnownFileType = sourcecode.c.h; path = InfoVC.h; sourceTree = "<group>"; };
		3EDDADBD0E89280800268AED /* InfoVC.m */ = {isa = PBXFileReference; fileEncoding = 4; lastKnownFileType = sourcecode.c.objc; path = InfoVC.m; sourceTree = "<group>"; };
		3EDDAE780E8E467200268AED /* English */ = {isa = PBXFileReference; lastKnownFileType = file.xib; name = English; path = English.lproj/ExportView.xib; sourceTree = "<group>"; };
		3EDDAE7C0E8E468700268AED /* ExportVC.h */ = {isa = PBXFileReference; fileEncoding = 4; lastKnownFileType = sourcecode.c.h; path = ExportVC.h; sourceTree = "<group>"; };
		3EDDAE7D0E8E468700268AED /* ExportVC.m */ = {isa = PBXFileReference; fileEncoding = 4; lastKnownFileType = sourcecode.c.objc; path = ExportVC.m; sourceTree = "<group>"; };
		3EF914FD0E6C1F8300E31816 /* DataModel.h */ = {isa = PBXFileReference; fileEncoding = 4; lastKnownFileType = sourcecode.c.h; name = DataModel.h; path = Classes/DataModel.h; sourceTree = "<group>"; };
		3EF914FE0E6C1F8800E31816 /* DataModel.m */ = {isa = PBXFileReference; fileEncoding = 4; lastKnownFileType = sourcecode.c.objc; name = DataModel.m; path = Classes/DataModel.m; sourceTree = "<group>"; };
		8D1107310486CEB800E47090 /* Info.plist */ = {isa = PBXFileReference; fileEncoding = 4; lastKnownFileType = text.plist.xml; path = Info.plist; sourceTree = "<group>"; };
/* End PBXFileReference section */

/* Begin PBXFrameworksBuildPhase section */
		1D60588F0D05DD3D006BFB54 /* Frameworks */ = {
			isa = PBXFrameworksBuildPhase;
			buildActionMask = 2147483647;
			files = (
				1D60589F0D05DD5A006BFB54 /* Foundation.framework in Frameworks */,
				1DF5F4E00D08C38300B7A737 /* UIKit.framework in Frameworks */,
				2892E4100DC94CBA00A64D0F /* CoreGraphics.framework in Frameworks */,
			);
			runOnlyForDeploymentPostprocessing = 0;
		};
/* End PBXFrameworksBuildPhase section */

/* Begin PBXGroup section */
		080E96DDFE201D6D7F000001 /* Controller */ = {
			isa = PBXGroup;
			children = (
				1D3623240D0F684500981E51 /* CashFlowAppDelegate.h */,
				1D3623250D0F684500981E51 /* CashFlowAppDelegate.m */,
				28C286DF0D94DF7D0034E888 /* RootViewController.h */,
				28C286E00D94DF7D0034E888 /* RootViewController.m */,
				3E0888100E6EAEE200739AC9 /* TransactionVC.h */,
				3E0888110E6EAEEB00739AC9 /* TransactionVC.m */,
				3E0887FA0E6EACEB00739AC9 /* EditDateVC.h */,
				3E0887F90E6EACEB00739AC9 /* EditDateVC.m */,
				3E0887FD0E6EACF400739AC9 /* EditDescVC.h */,
				3E0887FC0E6EACF400739AC9 /* EditDescVC.m */,
				3E0888020E6EAD0B00739AC9 /* EditValueVC.h */,
				3E0888010E6EAD0B00739AC9 /* EditValueVC.m */,
				3E0888000E6EAD0500739AC9 /* EditTypeVC.h */,
				3E0888030E6EAD0B00739AC9 /* EditTypeVC.m */,
				3EDDADBC0E89280800268AED /* InfoVC.h */,
				3EDDADBD0E89280800268AED /* InfoVC.m */,
				3EDDAE7C0E8E468700268AED /* ExportVC.h */,
				3EDDAE7D0E8E468700268AED /* ExportVC.m */,
			);
			name = Controller;
			path = Classes;
			sourceTree = "<group>";
		};
		19C28FACFE9D520D11CA2CBB /* Products */ = {
			isa = PBXGroup;
			children = (
				1D6058910D05DD3D006BFB54 /* CashFlow.app */,
			);
			name = Products;
			sourceTree = "<group>";
		};
		29B97314FDCFA39411CA2CEA /* CustomTemplate */ = {
			isa = PBXGroup;
			children = (
				3EB540870E8E921700608B77 /* Model */,
				080E96DDFE201D6D7F000001 /* Controller */,
				29B97315FDCFA39411CA2CEA /* Other Sources */,
				29B97317FDCFA39411CA2CEA /* Resources */,
				3EB5406B0E8E907B00608B77 /* Images */,
				29B97323FDCFA39411CA2CEA /* Frameworks */,
				19C28FACFE9D520D11CA2CBB /* Products */,
				3E4DA8B20EAB6DE4001FBB70 /* Entitlements.plist */,
			);
			name = CustomTemplate;
			sourceTree = "<group>";
		};
		29B97315FDCFA39411CA2CEA /* Other Sources */ = {
			isa = PBXGroup;
			children = (
				28A0AAE50D9B0CCF005BE974 /* CashFlow_Prefix.pch */,
				29B97316FDCFA39411CA2CEA /* main.m */,
			);
			name = "Other Sources";
			sourceTree = "<group>";
		};
		29B97317FDCFA39411CA2CEA /* Resources */ = {
			isa = PBXGroup;
			children = (
				3E07F7C50E72CC6100DFEB33 /* Localizable.strings */,
				2899E55F0DE3E45000AC0155 /* RootViewController.xib */,
				3EB540790E8E90F400608B77 /* MainWindow.xib */,
				3E80DF6A0E6AC6D100736FB7 /* TransactionView.xib */,
				3E0887EF0E6EAC5C00739AC9 /* EditDescView.xib */,
				3E0887F20E6EAC7600739AC9 /* EditValueView.xib */,
				3E0887F50E6EAC8900739AC9 /* EditDateView.xib */,
				3E0887F70E6EACA500739AC9 /* EditTypeView.xib */,
				3E27113A0EAA208E00E57E51 /* ExportView.xib */,
				3EDDADAA0E8925AB00268AED /* InfoView.xib */,
				8D1107310486CEB800E47090 /* Info.plist */,
			);
			name = Resources;
			sourceTree = "<group>";
		};
		29B97323FDCFA39411CA2CEA /* Frameworks */ = {
			isa = PBXGroup;
			children = (
				2892E40F0DC94CBA00A64D0F /* CoreGraphics.framework */,
				1DF5F4DF0D08C38300B7A737 /* UIKit.framework */,
				1D30AB110D05D00D00671497 /* Foundation.framework */,
			);
			name = Frameworks;
			sourceTree = "<group>";
		};
		3EB5406B0E8E907B00608B77 /* Images */ = {
			isa = PBXGroup;
			children = (
				3E1F6EC00E76E93C00CCDF57 /* Default.png */,
				3E1F6EA80E76E74500CCDF57 /* icon.png */,
				3EA0C24E0E8E5B41005A04F5 /* icon-rendered.png */,
				3EDDAC740E89148500268AED /* redButton.png */,
			);
			name = Images;
			sourceTree = "<group>";
		};
		3EB540870E8E921700608B77 /* Model */ = {
			isa = PBXGroup;
			children = (
				3E0519120E6A9D09008F1F65 /* Transaction.h */,
				3E0519130E6A9D09008F1F65 /* Transaction.m */,
				3EF914FD0E6C1F8300E31816 /* DataModel.h */,
				3EF914FE0E6C1F8800E31816 /* DataModel.m */,
				3E27103F0EAA196A00E57E51 /* ExportBase.h */,
				3E2710400EAA196A00E57E51 /* ExportBase.m */,
				3E2710410EAA196A00E57E51 /* ExportCsv.h */,
				3E2710420EAA196A00E57E51 /* ExportCsv.m */,
				3E2710430EAA196A00E57E51 /* ExportOfx.h */,
				3E2710440EAA196A00E57E51 /* ExportOfx.m */,
				3ECF38080EA9CFB600420060 /* WebServer.h */,
				3ECF38030EA9CF4900420060 /* WebServer.m */,
			);
			name = Model;
			sourceTree = "<group>";
		};
/* End PBXGroup section */

/* Begin PBXNativeTarget section */
		1D6058900D05DD3D006BFB54 /* CashFlow */ = {
			isa = PBXNativeTarget;
			buildConfigurationList = 1D6058960D05DD3E006BFB54 /* Build configuration list for PBXNativeTarget "CashFlow" */;
			buildPhases = (
				1D60588D0D05DD3D006BFB54 /* Resources */,
				1D60588E0D05DD3D006BFB54 /* Sources */,
				1D60588F0D05DD3D006BFB54 /* Frameworks */,
			);
			buildRules = (
			);
			dependencies = (
			);
			name = CashFlow;
			productName = CashFlow;
			productReference = 1D6058910D05DD3D006BFB54 /* CashFlow.app */;
			productType = "com.apple.product-type.application";
		};
/* End PBXNativeTarget section */

/* Begin PBXProject section */
		29B97313FDCFA39411CA2CEA /* Project object */ = {
			isa = PBXProject;
			buildConfigurationList = C01FCF4E08A954540054247B /* Build configuration list for PBXProject "CashFlow" */;
			compatibilityVersion = "Xcode 3.1";
			hasScannedForEncodings = 1;
			knownRegions = (
				English,
				Japanese,
				French,
				German,
				en,
				ja,
				fr,
			);
			mainGroup = 29B97314FDCFA39411CA2CEA /* CustomTemplate */;
			projectDirPath = "";
			projectRoot = "";
			targets = (
				1D6058900D05DD3D006BFB54 /* CashFlow */,
			);
		};
/* End PBXProject section */

/* Begin PBXResourcesBuildPhase section */
		1D60588D0D05DD3D006BFB54 /* Resources */ = {
			isa = PBXResourcesBuildPhase;
			buildActionMask = 2147483647;
			files = (
				2899E5600DE3E45000AC0155 /* RootViewController.xib in Resources */,
				3E80DF6B0E6AC6D100736FB7 /* TransactionView.xib in Resources */,
				3E0887F00E6EAC5C00739AC9 /* EditDescView.xib in Resources */,
				3E0887F30E6EAC7600739AC9 /* EditValueView.xib in Resources */,
				3E0887F60E6EAC8900739AC9 /* EditDateView.xib in Resources */,
				3E0887F80E6EACA500739AC9 /* EditTypeView.xib in Resources */,
				3E07F7C70E72CC6600DFEB33 /* Localizable.strings in Resources */,
				3E1F6EA90E76E74500CCDF57 /* icon.png in Resources */,
				3E1F6EC10E76E93C00CCDF57 /* Default.png in Resources */,
				3EDDAC750E89148500268AED /* redButton.png in Resources */,
				3EDDADAB0E8925AB00268AED /* InfoView.xib in Resources */,
				3E27113B0EAA208E00E57E51 /* ExportView.xib in Resources */,
				3EA0C24F0E8E5B41005A04F5 /* icon-rendered.png in Resources */,
				3EB5407A0E8E90F400608B77 /* MainWindow.xib in Resources */,
				3E4DA8B30EAB6DE4001FBB70 /* Entitlements.plist in Resources */,
			);
			runOnlyForDeploymentPostprocessing = 0;
		};
/* End PBXResourcesBuildPhase section */

/* Begin PBXSourcesBuildPhase section */
		1D60588E0D05DD3D006BFB54 /* Sources */ = {
			isa = PBXSourcesBuildPhase;
			buildActionMask = 2147483647;
			files = (
				1D60589B0D05DD56006BFB54 /* main.m in Sources */,
				1D3623260D0F684500981E51 /* CashFlowAppDelegate.m in Sources */,
				28C286E10D94DF7D0034E888 /* RootViewController.m in Sources */,
				3E0519140E6A9D09008F1F65 /* Transaction.m in Sources */,
				3EF914FF0E6C1F8800E31816 /* DataModel.m in Sources */,
				3E0887FB0E6EACEB00739AC9 /* EditDateVC.m in Sources */,
				3E0887FE0E6EACF400739AC9 /* EditDescVC.m in Sources */,
				3E0888040E6EAD0B00739AC9 /* EditValueVC.m in Sources */,
				3E0888050E6EAD0B00739AC9 /* EditTypeVC.m in Sources */,
				3E0888120E6EAEEB00739AC9 /* TransactionVC.m in Sources */,
				3EDDADBE0E89280800268AED /* InfoVC.m in Sources */,
				3EDDAE7E0E8E468700268AED /* ExportVC.m in Sources */,
				3ECF38040EA9CF4900420060 /* WebServer.m in Sources */,
				3E2710450EAA196A00E57E51 /* ExportBase.m in Sources */,
				3E2710460EAA196A00E57E51 /* ExportCsv.m in Sources */,
				3E2710470EAA196A00E57E51 /* ExportOfx.m in Sources */,
			);
			runOnlyForDeploymentPostprocessing = 0;
		};
/* End PBXSourcesBuildPhase section */

/* Begin PBXVariantGroup section */
		3E07F7C50E72CC6100DFEB33 /* Localizable.strings */ = {
			isa = PBXVariantGroup;
			children = (
				3E07F7C30E72CC4E00DFEB33 /* English */,
				3E07F7C80E72CC7600DFEB33 /* Japanese */,
			);
			name = Localizable.strings;
			sourceTree = "<group>";
		};
		3E27113A0EAA208E00E57E51 /* ExportView.xib */ = {
			isa = PBXVariantGroup;
			children = (
				3EDDAE780E8E467200268AED /* English */,
				3E27113C0EAA209500E57E51 /* Japanese */,
			);
			name = ExportView.xib;
			sourceTree = "<group>";
		};
/* End PBXVariantGroup section */

/* Begin XCBuildConfiguration section */
		1D6058940D05DD3E006BFB54 /* Debug */ = {
			isa = XCBuildConfiguration;
			buildSettings = {
				ALWAYS_SEARCH_USER_PATHS = NO;
				COPY_PHASE_STRIP = NO;
				GCC_DYNAMIC_NO_PIC = NO;
				GCC_OPTIMIZATION_LEVEL = 0;
				GCC_PRECOMPILE_PREFIX_HEADER = YES;
				GCC_PREFIX_HEADER = CashFlow_Prefix.pch;
				INFOPLIST_FILE = Info.plist;
				PRODUCT_NAME = CashFlow;
			};
			name = Debug;
		};
		1D6058950D05DD3E006BFB54 /* Release */ = {
			isa = XCBuildConfiguration;
			buildSettings = {
				ALWAYS_SEARCH_USER_PATHS = NO;
				COPY_PHASE_STRIP = YES;
				GCC_PRECOMPILE_PREFIX_HEADER = YES;
				GCC_PREFIX_HEADER = CashFlow_Prefix.pch;
				INFOPLIST_FILE = Info.plist;
				PRODUCT_NAME = CashFlow;
			};
			name = Release;
		};
		3E4181BE0E76CDC300F0B14C /* Distribution */ = {
			isa = XCBuildConfiguration;
			buildSettings = {
				ARCHS = "$(ARCHS_STANDARD_32_BIT)";
				"CODE_SIGN_IDENTITY[sdk=iphoneos*]" = "iPhone Distribution: Takuya Murakami";
				GCC_C_LANGUAGE_STANDARD = c99;
				GCC_WARN_ABOUT_RETURN_TYPE = YES;
				GCC_WARN_UNUSED_VARIABLE = YES;
				ONLY_ACTIVE_ARCH = YES;
				PREBINDING = NO;
				PRODUCT_NAME = CashFlow;
				"PROVISIONING_PROFILE[sdk=iphoneos*]" = "747B29F5-797B-4CE1-B1B6-F0EC248F3102";
				SDKROOT = iphoneos2.0;
			};
			name = Distribution;
		};
		3E4181BF0E76CDC300F0B14C /* Distribution */ = {
			isa = XCBuildConfiguration;
			buildSettings = {
				ALWAYS_SEARCH_USER_PATHS = NO;
				COPY_PHASE_STRIP = YES;
				GCC_PRECOMPILE_PREFIX_HEADER = YES;
				GCC_PREFIX_HEADER = CashFlow_Prefix.pch;
				INFOPLIST_FILE = Info.plist;
				PRODUCT_NAME = CashFlow;
			};
			name = Distribution;
		};
		3E4DA8AB0EAB6CAE001FBB70 /* Ad hoc distribution */ = {
			isa = XCBuildConfiguration;
			buildSettings = {
				ARCHS = "$(ARCHS_STANDARD_32_BIT)";
				CODE_SIGN_ENTITLEMENTS = Entitlements.plist;
				"CODE_SIGN_IDENTITY[sdk=iphoneos*]" = "iPhone Distribution: Takuya Murakami";
				GCC_C_LANGUAGE_STANDARD = c99;
				GCC_WARN_ABOUT_RETURN_TYPE = YES;
				GCC_WARN_UNUSED_VARIABLE = YES;
				ONLY_ACTIVE_ARCH = YES;
				PREBINDING = NO;
				PRODUCT_NAME = CashFlow;
				"PROVISIONING_PROFILE[sdk=iphoneos*]" = "1AC114EB-9434-4F33-940D-D35DC420DB1B";
				SDKROOT = iphoneos2.0;
			};
			name = "Ad hoc distribution";
		};
		3E4DA8AC0EAB6CAE001FBB70 /* Ad hoc distribution */ = {
			isa = XCBuildConfiguration;
			buildSettings = {
				ALWAYS_SEARCH_USER_PATHS = NO;
				CODE_SIGN_ENTITLEMENTS = Entitlements.plist;
				"CODE_SIGN_IDENTITY[sdk=iphoneos*]" = "iPhone Distribution: Takuya Murakami";
				COPY_PHASE_STRIP = YES;
				GCC_PRECOMPILE_PREFIX_HEADER = YES;
				GCC_PREFIX_HEADER = CashFlow_Prefix.pch;
				INFOPLIST_FILE = Info.plist;
				OTHER_CODE_SIGN_FLAGS = "";
				PRODUCT_NAME = CashFlow;
			};
			name = "Ad hoc distribution";
		};
		3EA482320EAE1CF60005B156 /* Debug Free */ = {
			isa = XCBuildConfiguration;
			buildSettings = {
				ARCHS = "$(ARCHS_STANDARD_32_BIT)";
				"CODE_SIGN_IDENTITY[sdk=iphoneos*]" = "iPhone Developer: Takuya Murakami";
				GCC_C_LANGUAGE_STANDARD = c99;
				GCC_PREPROCESSOR_DEFINITIONS = FREE_VERSION;
				GCC_WARN_ABOUT_RETURN_TYPE = YES;
				GCC_WARN_UNUSED_VARIABLE = YES;
				ONLY_ACTIVE_ARCH = YES;
				PREBINDING = NO;
				PRODUCT_NAME = "CashFlow Free";
				"PROVISIONING_PROFILE[sdk=iphoneos*]" = "2BF5AD22-6DFE-4EF1-8D57-0ECA9D27EA46";
				SDKROOT = iphoneos2.0;
			};
			name = "Debug Free";
		};
		3EA482330EAE1CF60005B156 /* Debug Free */ = {
			isa = XCBuildConfiguration;
			buildSettings = {
				ALWAYS_SEARCH_USER_PATHS = NO;
				COPY_PHASE_STRIP = NO;
				GCC_DYNAMIC_NO_PIC = NO;
				GCC_OPTIMIZATION_LEVEL = 0;
				GCC_PRECOMPILE_PREFIX_HEADER = YES;
				GCC_PREFIX_HEADER = CashFlow_Prefix.pch;
				INFOPLIST_FILE = Info.plist;
				PRODUCT_NAME = CashFlow;
			};
			name = "Debug Free";
		};
		3EA482340EAE1D250005B156 /* Distribution Free */ = {
			isa = XCBuildConfiguration;
			buildSettings = {
				ARCHS = "$(ARCHS_STANDARD_32_BIT)";
				"CODE_SIGN_IDENTITY[sdk=iphoneos*]" = "iPhone Distribution: Takuya Murakami";
				GCC_C_LANGUAGE_STANDARD = c99;
				GCC_PREPROCESSOR_DEFINITIONS = FREE_VERSION;
				GCC_WARN_ABOUT_RETURN_TYPE = YES;
				GCC_WARN_UNUSED_VARIABLE = YES;
				ONLY_ACTIVE_ARCH = YES;
				PREBINDING = NO;
				PRODUCT_NAME = "CashFlow Free";
				"PROVISIONING_PROFILE[sdk=iphoneos*]" = "747B29F5-797B-4CE1-B1B6-F0EC248F3102";
				SDKROOT = iphoneos2.0;
			};
			name = "Distribution Free";
		};
		3EA482350EAE1D250005B156 /* Distribution Free */ = {
			isa = XCBuildConfiguration;
			buildSettings = {
				ALWAYS_SEARCH_USER_PATHS = NO;
				COPY_PHASE_STRIP = YES;
				GCC_PRECOMPILE_PREFIX_HEADER = YES;
				GCC_PREFIX_HEADER = CashFlow_Prefix.pch;
				INFOPLIST_FILE = Info.plist;
				PRODUCT_NAME = CashFlow;
			};
			name = "Distribution Free";
		};
		C01FCF4F08A954540054247B /* Debug */ = {
			isa = XCBuildConfiguration;
			buildSettings = {
				ARCHS = "$(ARCHS_STANDARD_32_BIT)";
				"CODE_SIGN_IDENTITY[sdk=iphoneos*]" = "iPhone Developer: Takuya Murakami";
				GCC_C_LANGUAGE_STANDARD = c99;
				GCC_WARN_ABOUT_RETURN_TYPE = YES;
				GCC_WARN_UNUSED_VARIABLE = YES;
				ONLY_ACTIVE_ARCH = YES;
				PREBINDING = NO;
				PRODUCT_NAME = CashFlow;
				"PROVISIONING_PROFILE[sdk=iphoneos*]" = "2BF5AD22-6DFE-4EF1-8D57-0ECA9D27EA46";
				SDKROOT = iphoneos2.0;
			};
			name = Debug;
		};
		C01FCF5008A954540054247B /* Release */ = {
			isa = XCBuildConfiguration;
			buildSettings = {
				ARCHS = "$(ARCHS_STANDARD_32_BIT)";
				"CODE_SIGN_IDENTITY[sdk=iphoneos*]" = "iPhone Developer: Takuya Murakami";
				GCC_C_LANGUAGE_STANDARD = c99;
				GCC_WARN_ABOUT_RETURN_TYPE = YES;
				GCC_WARN_UNUSED_VARIABLE = YES;
				ONLY_ACTIVE_ARCH = YES;
				PREBINDING = NO;
				PRODUCT_NAME = CashFlow;
				"PROVISIONING_PROFILE[sdk=iphoneos*]" = "2BF5AD22-6DFE-4EF1-8D57-0ECA9D27EA46";
				SDKROOT = iphoneos2.0;
			};
			name = Release;
		};
/* End XCBuildConfiguration section */

/* Begin XCConfigurationList section */
		1D6058960D05DD3E006BFB54 /* Build configuration list for PBXNativeTarget "CashFlow" */ = {
			isa = XCConfigurationList;
			buildConfigurations = (
				1D6058940D05DD3E006BFB54 /* Debug */,
				3EA482330EAE1CF60005B156 /* Debug Free */,
				1D6058950D05DD3E006BFB54 /* Release */,
				3E4181BF0E76CDC300F0B14C /* Distribution */,
				3EA482350EAE1D250005B156 /* Distribution Free */,
				3E4DA8AC0EAB6CAE001FBB70 /* Ad hoc distribution */,
			);
			defaultConfigurationIsVisible = 0;
			defaultConfigurationName = Release;
		};
		C01FCF4E08A954540054247B /* Build configuration list for PBXProject "CashFlow" */ = {
			isa = XCConfigurationList;
			buildConfigurations = (
				C01FCF4F08A954540054247B /* Debug */,
				3EA482320EAE1CF60005B156 /* Debug Free */,
				C01FCF5008A954540054247B /* Release */,
				3E4181BE0E76CDC300F0B14C /* Distribution */,
				3EA482340EAE1D250005B156 /* Distribution Free */,
				3E4DA8AB0EAB6CAE001FBB70 /* Ad hoc distribution */,
			);
			defaultConfigurationIsVisible = 0;
			defaultConfigurationName = Release;
		};
/* End XCConfigurationList section */
	};
	rootObject = 29B97313FDCFA39411CA2CEA /* Project object */;
}
